
Microsoft Visual Studio Solution File, Format Version 12.00
# Visual Studio Version 17
VisualStudioVersion = 17.2.32616.157
MinimumVisualStudioVersion = 10.0.40219.1
Project("{FAE04EC0-301F-11D3-BF4B-00C04F79EFBC}") = "Console exercises", "Console exercises.csproj", "{0BA9E835-2C1C-4B9A-A92B-23EDF5F0E9DE}"
EndProject
Global
	GlobalSection(SolutionConfigurationPlatforms) = preSolution
		Debug|Any CPU = Debug|Any CPU
		Release|Any CPU = Release|Any CPU
	EndGlobalSection
	GlobalSection(ProjectConfigurationPlatforms) = postSolution
		{0BA9E835-2C1C-4B9A-A92B-23EDF5F0E9DE}.Debug|Any CPU.ActiveCfg = Debug|Any CPU
		{0BA9E835-2C1C-4B9A-A92B-23EDF5F0E9DE}.Debug|Any CPU.Build.0 = Debug|Any CPU
		{0BA9E835-2C1C-4B9A-A92B-23EDF5F0E9DE}.Release|Any CPU.ActiveCfg = Release|Any CPU
		{0BA9E835-2C1C-4B9A-A92B-23EDF5F0E9DE}.Release|Any CPU.Build.0 = Release|Any CPU
	EndGlobalSection
	GlobalSection(SolutionProperties) = preSolution
		HideSolutionNode = FALSE
	EndGlobalSection
	GlobalSection(ExtensibilityGlobals) = postSolution
		SolutionGuid = {74B5A644-4D8C-412D-BFF3-7072247FC2DF}
	EndGlobalSection
EndGlobal
